
Microsoft Visual Studio Solution File, Format Version 12.00
# Visual Studio Version 16
VisualStudioVersion = 16.0.28803.156
MinimumVisualStudioVersion = 10.0.40219.1
Project("{9A19103F-16F7-4668-BE54-9A1E7A4F7556}") = "FunctionApp3", "FunctionApp3.csproj", "{E7CAEFFF-4BAA-4288-9065-67BF1A528D4F}"
EndProject
Global
	GlobalSection(SolutionConfigurationPlatforms) = preSolution
		Debug|Any CPU = Debug|Any CPU
		Release|Any CPU = Release|Any CPU
	EndGlobalSection
	GlobalSection(ProjectConfigurationPlatforms) = postSolution
		{E7CAEFFF-4BAA-4288-9065-67BF1A528D4F}.Debug|Any CPU.ActiveCfg = Debug|Any CPU
		{E7CAEFFF-4BAA-4288-9065-67BF1A528D4F}.Debug|Any CPU.Build.0 = Debug|Any CPU
		{E7CAEFFF-4BAA-4288-9065-67BF1A528D4F}.Release|Any CPU.ActiveCfg = Release|Any CPU
		{E7CAEFFF-4BAA-4288-9065-67BF1A528D4F}.Release|Any CPU.Build.0 = Release|Any CPU
	EndGlobalSection
	GlobalSection(SolutionProperties) = preSolution
		HideSolutionNode = FALSE
	EndGlobalSection
	GlobalSection(ExtensibilityGlobals) = postSolution
		SolutionGuid = {4F2040E1-66ED-4FED-8A81-549B5C0DEF70}
	EndGlobalSection
EndGlobal
